// !$*UTF8*$!
{
	archiveVersion = 1;
	classes = {
	};
	objectVersion = 77;
	objects = {

/* Begin PBXBuildFile section */
		2A3C31E92FD4660F003D3510 /* README.md in Resources */ = {isa = PBXBuildFile; fileRef = 2A3C31E82FD4660F003D3510 /* README.md */; };
		2A63D1DB2EE8BD0C00ACCFD1 /* BridgeComponents in Frameworks */ = {isa = PBXBuildFile; productRef = 2A63D1DA2EE8BD0C00ACCFD1 /* BridgeComponents */; };
		2ABB78392F088EB000EC2451 /* KeychainSwift in Frameworks */ = {isa = PBXBuildFile; productRef = 2ABB78382F088EB000EC2451 /* KeychainSwift */; };
		2ACF3E322F218B0600827B31 /* CodeScanner in Frameworks */ = {isa = PBXBuildFile; productRef = 2ACF3E312F218B0600827B31 /* CodeScanner */; };
		2ADF84662F0C10F000AE5037 /* smallerworld notification service.appex in Embed Foundation Extensions */ = {isa = PBXBuildFile; fileRef = 2ADF845F2F0C10F000AE5037 /* smallerworld notification service.appex */; settings = {ATTRIBUTES = (RemoveHeadersOnCopy, ); }; };
/* End PBXBuildFile section */

/* Begin PBXContainerItemProxy section */
		2A4CF8A92FCB637400652EDD /* PBXContainerItemProxy */ = {
			isa = PBXContainerItemProxy;
			containerPortal = 2AC03BDD2EE74F0800D9CEAD /* Project object */;
			proxyType = 1;
			remoteGlobalIDString = 2ADF845E2F0C10F000AE5037;
			remoteInfo = "smallerworld notification service";
		};
		2A53204B2FCB622600EC8D5A /* PBXContainerItemProxy */ = {
			isa = PBXContainerItemProxy;
			containerPortal = 2AC03BDD2EE74F0800D9CEAD /* Project object */;
			proxyType = 1;
			remoteGlobalIDString = 2AC03BE42EE74F0800D9CEAD;
			remoteInfo = smallerworld;
		};
/* End PBXContainerItemProxy section */

/* Begin PBXCopyFilesBuildPhase section */
		2ADF846B2F0C10F000AE5037 /* Embed Foundation Extensions */ = {
			isa = PBXCopyFilesBuildPhase;
			buildActionMask = 2147483647;
			dstPath = "";
			dstSubfolderSpec = 13;
			files = (
				2ADF84662F0C10F000AE5037 /* smallerworld notification service.appex in Embed Foundation Extensions */,
			);
			name = "Embed Foundation Extensions";
			runOnlyForDeploymentPostprocessing = 0;
		};
/* End PBXCopyFilesBuildPhase section */

/* Begin PBXFileReference section */
		2A3C31E82FD4660F003D3510 /* README.md */ = {isa = PBXFileReference; lastKnownFileType = net.daringfireball.markdown; path = README.md; sourceTree = "<group>"; };
		2A5320472FCB622600EC8D5A /* smallerworldTests.xctest */ = {isa = PBXFileReference; explicitFileType = wrapper.cfbundle; includeInIndex = 0; path = smallerworldTests.xctest; sourceTree = BUILT_PRODUCTS_DIR; };
		2AC03BE52EE74F0800D9CEAD /* smallerworld.app */ = {isa = PBXFileReference; explicitFileType = wrapper.application; includeInIndex = 0; path = smallerworld.app; sourceTree = BUILT_PRODUCTS_DIR; };
		2ADF845F2F0C10F000AE5037 /* smallerworld notification service.appex */ = {isa = PBXFileReference; explicitFileType = "wrapper.app-extension"; includeInIndex = 0; path = "smallerworld notification service.appex"; sourceTree = BUILT_PRODUCTS_DIR; };
/* End PBXFileReference section */

/* Begin PBXFileSystemSynchronizedBuildFileExceptionSet section */
		2AC03BF72EE74F0A00D9CEAD /* Exceptions for "smallerworld" folder in "smallerworld" target */ = {
			isa = PBXFileSystemSynchronizedBuildFileExceptionSet;
			membershipExceptions = (
				Info.plist,
			);
			target = 2AC03BE42EE74F0800D9CEAD /* smallerworld */;
		};
		2ADF846A2F0C10F000AE5037 /* Exceptions for "smallerworldNotificationService" folder in "smallerworld notification service" target */ = {
			isa = PBXFileSystemSynchronizedBuildFileExceptionSet;
			membershipExceptions = (
				Info.plist,
			);
			target = 2ADF845E2F0C10F000AE5037 /* smallerworld notification service */;
		};
		2ADF84932F0CA49900AE5037 /* Exceptions for "smallerworld" folder in "smallerworld notification service" target */ = {
			isa = PBXFileSystemSynchronizedBuildFileExceptionSet;
			membershipExceptions = (
				SmallerWorld.swift,
			);
			target = 2ADF845E2F0C10F000AE5037 /* smallerworld notification service */;
		};
/* End PBXFileSystemSynchronizedBuildFileExceptionSet section */

/* Begin PBXFileSystemSynchronizedRootGroup section */
		2A5320482FCB622600EC8D5A /* smallerworldTests */ = {
			isa = PBXFileSystemSynchronizedRootGroup;
			path = smallerworldTests;
			sourceTree = "<group>";
		};
		2AC03BE72EE74F0800D9CEAD /* smallerworld */ = {
			isa = PBXFileSystemSynchronizedRootGroup;
			exceptions = (
				2AC03BF72EE74F0A00D9CEAD /* Exceptions for "smallerworld" folder in "smallerworld" target */,
				2ADF84932F0CA49900AE5037 /* Exceptions for "smallerworld" folder in "smallerworld notification service" target */,
			);
			path = smallerworld;
			sourceTree = "<group>";
		};
		2ADF84602F0C10F000AE5037 /* smallerworldNotificationService */ = {
			isa = PBXFileSystemSynchronizedRootGroup;
			exceptions = (
				2ADF846A2F0C10F000AE5037 /* Exceptions for "smallerworldNotificationService" folder in "smallerworld notification service" target */,
			);
			path = smallerworldNotificationService;
			sourceTree = "<group>";
		};
/* End PBXFileSystemSynchronizedRootGroup section */

/* Begin PBXFrameworksBuildPhase section */
		2A5320442FCB622600EC8D5A /* Frameworks */ = {
			isa = PBXFrameworksBuildPhase;
			buildActionMask = 2147483647;
			files = (
			);
			runOnlyForDeploymentPostprocessing = 0;
		};
		2AC03BE22EE74F0800D9CEAD /* Frameworks */ = {
			isa = PBXFrameworksBuildPhase;
			buildActionMask = 2147483647;
			files = (
				2ACF3E322F218B0600827B31 /* CodeScanner in Frameworks */,
				2ABB78392F088EB000EC2451 /* KeychainSwift in Frameworks */,
				2A63D1DB2EE8BD0C00ACCFD1 /* BridgeComponents in Frameworks */,
			);
			runOnlyForDeploymentPostprocessing = 0;
		};
		2ADF845C2F0C10F000AE5037 /* Frameworks */ = {
			isa = PBXFrameworksBuildPhase;
			buildActionMask = 2147483647;
			files = (
			);
			runOnlyForDeploymentPostprocessing = 0;
		};
/* End PBXFrameworksBuildPhase section */

/* Begin PBXGroup section */
		2AC03BDC2EE74F0800D9CEAD = {
			isa = PBXGroup;
			children = (
				2AC03BE72EE74F0800D9CEAD /* smallerworld */,
				2ADF84602F0C10F000AE5037 /* smallerworldNotificationService */,
				2A5320482FCB622600EC8D5A /* smallerworldTests */,
				2AC03BE62EE74F0800D9CEAD /* Products */,
				2A3C31E82FD4660F003D3510 /* README.md */,
			);
			sourceTree = "<group>";
		};
		2AC03BE62EE74F0800D9CEAD /* Products */ = {
			isa = PBXGroup;
			children = (
				2AC03BE52EE74F0800D9CEAD /* smallerworld.app */,
				2ADF845F2F0C10F000AE5037 /* smallerworld notification service.appex */,
				2A5320472FCB622600EC8D5A /* smallerworldTests.xctest */,
			);
			name = Products;
			sourceTree = "<group>";
		};
/* End PBXGroup section */

/* Begin PBXNativeTarget section */
		2A5320462FCB622600EC8D5A /* smallerworldTests */ = {
			isa = PBXNativeTarget;
			buildConfigurationList = 2A53204D2FCB622600EC8D5A /* Build configuration list for PBXNativeTarget "smallerworldTests" */;
			buildPhases = (
				2A5320432FCB622600EC8D5A /* Sources */,
				2A5320442FCB622600EC8D5A /* Frameworks */,
				2A5320452FCB622600EC8D5A /* Resources */,
			);
			buildRules = (
			);
			dependencies = (
				2A53204C2FCB622600EC8D5A /* PBXTargetDependency */,
			);
			fileSystemSynchronizedGroups = (
				2A5320482FCB622600EC8D5A /* smallerworldTests */,
			);
			name = smallerworldTests;
			packageProductDependencies = (
			);
			productName = smallerworldTests;
			productReference = 2A5320472FCB622600EC8D5A /* smallerworldTests.xctest */;
			productType = "com.apple.product-type.bundle.unit-test";
		};
		2AC03BE42EE74F0800D9CEAD /* smallerworld */ = {
			isa = PBXNativeTarget;
			buildConfigurationList = 2AC03BF82EE74F0A00D9CEAD /* Build configuration list for PBXNativeTarget "smallerworld" */;
			buildPhases = (
				2AC03BE12EE74F0800D9CEAD /* Sources */,
				2AC03BE22EE74F0800D9CEAD /* Frameworks */,
				2AC03BE32EE74F0800D9CEAD /* Resources */,
				2ADF846B2F0C10F000AE5037 /* Embed Foundation Extensions */,
			);
			buildRules = (
			);
			dependencies = (
				2A4CF8AA2FCB637400652EDD /* PBXTargetDependency */,
			);
			fileSystemSynchronizedGroups = (
				2AC03BE72EE74F0800D9CEAD /* smallerworld */,
			);
			name = smallerworld;
			packageProductDependencies = (
				2A63D1DA2EE8BD0C00ACCFD1 /* BridgeComponents */,
				2ABB78382F088EB000EC2451 /* KeychainSwift */,
				2ACF3E312F218B0600827B31 /* CodeScanner */,
			);
			productName = "smallerworld-ios";
			productReference = 2AC03BE52EE74F0800D9CEAD /* smallerworld.app */;
			productType = "com.apple.product-type.application";
		};
		2ADF845E2F0C10F000AE5037 /* smallerworld notification service */ = {
			isa = PBXNativeTarget;
			buildConfigurationList = 2ADF84672F0C10F000AE5037 /* Build configuration list for PBXNativeTarget "smallerworld notification service" */;
			buildPhases = (
				2ADF845B2F0C10F000AE5037 /* Sources */,
				2ADF845C2F0C10F000AE5037 /* Frameworks */,
				2ADF845D2F0C10F000AE5037 /* Resources */,
			);
			buildRules = (
			);
			dependencies = (
			);
			fileSystemSynchronizedGroups = (
				2ADF84602F0C10F000AE5037 /* smallerworldNotificationService */,
			);
			name = "smallerworld notification service";
			packageProductDependencies = (
			);
			productName = "notification-service";
			productReference = 2ADF845F2F0C10F000AE5037 /* smallerworld notification service.appex */;
			productType = "com.apple.product-type.app-extension";
		};
/* End PBXNativeTarget section */

/* Begin PBXProject section */
		2AC03BDD2EE74F0800D9CEAD /* Project object */ = {
			isa = PBXProject;
			attributes = {
				BuildIndependentTargetsInParallel = 1;
				LastSwiftUpdateCheck = 2650;
				LastUpgradeCheck = 2620;
				TargetAttributes = {
					2A5320462FCB622600EC8D5A = {
						CreatedOnToolsVersion = 26.5;
						TestTargetID = 2AC03BE42EE74F0800D9CEAD;
					};
					2AC03BE42EE74F0800D9CEAD = {
						CreatedOnToolsVersion = 26.1.1;
					};
					2ADF845E2F0C10F000AE5037 = {
						CreatedOnToolsVersion = 26.2;
					};
				};
			};
			buildConfigurationList = 2AC03BE02EE74F0800D9CEAD /* Build configuration list for PBXProject "smallerworld" */;
			developmentRegion = en;
			hasScannedForEncodings = 0;
			knownRegions = (
				en,
				Base,
			);
			mainGroup = 2AC03BDC2EE74F0800D9CEAD;
			minimizedProjectReferenceProxies = 1;
			packageReferences = (
				2A63D1D92EE8BD0C00ACCFD1 /* XCRemoteSwiftPackageReference "bridge-components" */,
				2ABB78372F088EB000EC2451 /* XCRemoteSwiftPackageReference "keychain-swift" */,
				2ACF3E302F218B0600827B31 /* XCRemoteSwiftPackageReference "CodeScanner" */,
				2A99812D2FCF0E5500CD9594 /* XCRemoteSwiftPackageReference "hotwire-native-ios" */,
			);
			preferredProjectObjectVersion = 77;
			productRefGroup = 2AC03BE62EE74F0800D9CEAD /* Products */;
			projectDirPath = "";
			projectRoot = "";
			targets = (
				2AC03BE42EE74F0800D9CEAD /* smallerworld */,
				2ADF845E2F0C10F000AE5037 /* smallerworld notification service */,
				2A5320462FCB622600EC8D5A /* smallerworldTests */,
			);
		};
/* End PBXProject section */

/* Begin PBXResourcesBuildPhase section */
		2A5320452FCB622600EC8D5A /* Resources */ = {
			isa = PBXResourcesBuildPhase;
			buildActionMask = 2147483647;
			files = (
			);
			runOnlyForDeploymentPostprocessing = 0;
		};
		2AC03BE32EE74F0800D9CEAD /* Resources */ = {
			isa = PBXResourcesBuildPhase;
			buildActionMask = 2147483647;
			files = (
				2A3C31E92FD4660F003D3510 /* README.md in Resources */,
			);
			runOnlyForDeploymentPostprocessing = 0;
		};
		2ADF845D2F0C10F000AE5037 /* Resources */ = {
			isa = PBXResourcesBuildPhase;
			buildActionMask = 2147483647;
			files = (
			);
			runOnlyForDeploymentPostprocessing = 0;
		};
/* End PBXResourcesBuildPhase section */

/* Begin PBXSourcesBuildPhase section */
		2A5320432FCB622600EC8D5A /* Sources */ = {
			isa = PBXSourcesBuildPhase;
			buildActionMask = 2147483647;
			files = (
			);
			runOnlyForDeploymentPostprocessing = 0;
		};
		2AC03BE12EE74F0800D9CEAD /* Sources */ = {
			isa = PBXSourcesBuildPhase;
			buildActionMask = 2147483647;
			files = (
			);
			runOnlyForDeploymentPostprocessing = 0;
		};
		2ADF845B2F0C10F000AE5037 /* Sources */ = {
			isa = PBXSourcesBuildPhase;
			buildActionMask = 2147483647;
			files = (
			);
			runOnlyForDeploymentPostprocessing = 0;
		};
/* End PBXSourcesBuildPhase section */

/* Begin PBXTargetDependency section */
		2A4CF8AA2FCB637400652EDD /* PBXTargetDependency */ = {
			isa = PBXTargetDependency;
			target = 2ADF845E2F0C10F000AE5037 /* smallerworld notification service */;
			targetProxy = 2A4CF8A92FCB637400652EDD /* PBXContainerItemProxy */;
		};
		2A53204C2FCB622600EC8D5A /* PBXTargetDependency */ = {
			isa = PBXTargetDependency;
			target = 2AC03BE42EE74F0800D9CEAD /* smallerworld */;
			targetProxy = 2A53204B2FCB622600EC8D5A /* PBXContainerItemProxy */;
		};
/* End PBXTargetDependency section */

/* Begin XCBuildConfiguration section */
		2A53204E2FCB622600EC8D5A /* Debug */ = {
			isa = XCBuildConfiguration;
			buildSettings = {
				BUNDLE_LOADER = "$(TEST_HOST)";
				CODE_SIGN_STYLE = Automatic;
				CURRENT_PROJECT_VERSION = 1;
				DEVELOPMENT_TEAM = 8CGNLEGE5T;
				GENERATE_INFOPLIST_FILE = YES;
				IPHONEOS_DEPLOYMENT_TARGET = 26.0;
				MARKETING_VERSION = 1.0;
				PRODUCT_BUNDLE_IDENTIFIER = smallerworld.smallerworldTests;
				PRODUCT_NAME = "$(TARGET_NAME)";
				STRING_CATALOG_GENERATE_SYMBOLS = NO;
				SWIFT_APPROACHABLE_CONCURRENCY = YES;
				SWIFT_EMIT_LOC_STRINGS = NO;
				SWIFT_UPCOMING_FEATURE_MEMBER_IMPORT_VISIBILITY = YES;
				SWIFT_VERSION = 5.0;
				TARGETED_DEVICE_FAMILY = "1,2";
				TEST_HOST = "$(BUILT_PRODUCTS_DIR)/smallerworld.app/$(BUNDLE_EXECUTABLE_FOLDER_PATH)/smallerworld";
			};
			name = Debug;
		};
		2A53204F2FCB622600EC8D5A /* Release */ = {
			isa = XCBuildConfiguration;
			buildSettings = {
				BUNDLE_LOADER = "$(TEST_HOST)";
				CODE_SIGN_STYLE = Automatic;
				CURRENT_PROJECT_VERSION = 1;
				DEVELOPMENT_TEAM = 8CGNLEGE5T;
				GENERATE_INFOPLIST_FILE = YES;
				IPHONEOS_DEPLOYMENT_TARGET = 26.0;
				MARKETING_VERSION = 1.0;
				PRODUCT_BUNDLE_IDENTIFIER = smallerworld.smallerworldTests;
				PRODUCT_NAME = "$(TARGET_NAME)";
				STRING_CATALOG_GENERATE_SYMBOLS = NO;
				SWIFT_APPROACHABLE_CONCURRENCY = YES;
				SWIFT_EMIT_LOC_STRINGS = NO;
				SWIFT_UPCOMING_FEATURE_MEMBER_IMPORT_VISIBILITY = YES;
				SWIFT_VERSION = 5.0;
				TARGETED_DEVICE_FAMILY = "1,2";
				TEST_HOST = "$(BUILT_PRODUCTS_DIR)/smallerworld.app/$(BUNDLE_EXECUTABLE_FOLDER_PATH)/smallerworld";
			};
			name = Release;
		};
		2AC03BF92EE74F0A00D9CEAD /* Debug */ = {
			isa = XCBuildConfiguration;
			buildSettings = {
				ASSETCATALOG_COMPILER_APPICON_NAME = AppIcon;
				ASSETCATALOG_COMPILER_GLOBAL_ACCENT_COLOR_NAME = AccentColor;
				ASSETCATALOG_COMPILER_INCLUDE_ALL_APPICON_ASSETS = NO;
				CODE_SIGN_ENTITLEMENTS = smallerworld/smallerworld.entitlements;
				CODE_SIGN_STYLE = Automatic;
				CURRENT_PROJECT_VERSION = 28;
				DEVELOPMENT_TEAM = UB3SB3746X;
				GENERATE_INFOPLIST_FILE = YES;
				INFOPLIST_FILE = smallerworld/Info.plist;
				INFOPLIST_KEY_CFBundleDisplayName = "smaller world";
				INFOPLIST_KEY_LSApplicationCategoryType = "public.app-category.lifestyle";
				INFOPLIST_KEY_NSCameraUsageDescription = "scan qr codes and take pics for posts";
				INFOPLIST_KEY_UIApplicationSupportsIndirectInputEvents = YES;
				INFOPLIST_KEY_UILaunchStoryboardName = LaunchScreen;
				INFOPLIST_KEY_UIMainStoryboardFile = Main;
				INFOPLIST_KEY_UIStatusBarHidden = YES;
				INFOPLIST_KEY_UISupportedInterfaceOrientations = UIInterfaceOrientationPortrait;
				INFOPLIST_KEY_UISupportedInterfaceOrientations_iPad = "UIInterfaceOrientationLandscapeLeft UIInterfaceOrientationLandscapeRight UIInterfaceOrientationPortrait UIInterfaceOrientationPortraitUpsideDown";
				IPHONEOS_DEPLOYMENT_TARGET = 18.6;
				LD_RUNPATH_SEARCH_PATHS = (
					"$(inherited)",
					"@executable_path/Frameworks",
				);
				MARKETING_VERSION = 0.6;
				PRODUCT_BUNDLE_IDENTIFIER = club.smallerworld.ios;
				PRODUCT_NAME = "$(TARGET_NAME)";
				STRING_CATALOG_GENERATE_SYMBOLS = YES;
				SUPPORTED_PLATFORMS = "iphoneos iphonesimulator";
				SUPPORTS_MACCATALYST = NO;
				SUPPORTS_XR_DESIGNED_FOR_IPHONE_IPAD = NO;
				SWIFT_APPROACHABLE_CONCURRENCY = YES;
				SWIFT_DEFAULT_ACTOR_ISOLATION = MainActor;
				SWIFT_EMIT_LOC_STRINGS = YES;
				SWIFT_UPCOMING_FEATURE_MEMBER_IMPORT_VISIBILITY = YES;
				SWIFT_VERSION = 5.0;
				TARGETED_DEVICE_FAMILY = "1,2";
			};
			name = Debug;
		};
		2AC03BFA2EE74F0A00D9CEAD /* Release */ = {
			isa = XCBuildConfiguration;
			buildSettings = {
				ASSETCATALOG_COMPILER_APPICON_NAME = AppIcon;
				ASSETCATALOG_COMPILER_GLOBAL_ACCENT_COLOR_NAME = AccentColor;
				ASSETCATALOG_COMPILER_INCLUDE_ALL_APPICON_ASSETS = NO;
				CODE_SIGN_ENTITLEMENTS = smallerworld/smallerworld.entitlements;
				CODE_SIGN_STYLE = Automatic;
				CURRENT_PROJECT_VERSION = 28;
				DEVELOPMENT_TEAM = UB3SB3746X;
				GENERATE_INFOPLIST_FILE = YES;
				INFOPLIST_FILE = smallerworld/Info.plist;
				INFOPLIST_KEY_CFBundleDisplayName = "smaller world";
				INFOPLIST_KEY_LSApplicationCategoryType = "public.app-category.lifestyle";
				INFOPLIST_KEY_NSCameraUsageDescription = "scan qr codes and take pics for posts";
				INFOPLIST_KEY_UIApplicationSupportsIndirectInputEvents = YES;
				INFOPLIST_KEY_UILaunchStoryboardName = LaunchScreen;
				INFOPLIST_KEY_UIMainStoryboardFile = Main;
				INFOPLIST_KEY_UIStatusBarHidden = YES;
				INFOPLIST_KEY_UISupportedInterfaceOrientations = UIInterfaceOrientationPortrait;
				INFOPLIST_KEY_UISupportedInterfaceOrientations_iPad = "UIInterfaceOrientationLandscapeLeft UIInterfaceOrientationLandscapeRight UIInterfaceOrientationPortrait UIInterfaceOrientationPortraitUpsideDown";
				IPHONEOS_DEPLOYMENT_TARGET = 18.6;
				LD_RUNPATH_SEARCH_PATHS = (
					"$(inherited)",
					"@executable_path/Frameworks",
				);
				MARKETING_VERSION = 0.6;
				PRODUCT_BUNDLE_IDENTIFIER = club.smallerworld.ios;
				PRODUCT_NAME = "$(TARGET_NAME)";
				STRING_CATALOG_GENERATE_SYMBOLS = YES;
				SUPPORTED_PLATFORMS = "iphoneos iphonesimulator";
				SUPPORTS_MACCATALYST = NO;
				SUPPORTS_XR_DESIGNED_FOR_IPHONE_IPAD = NO;
				SWIFT_APPROACHABLE_CONCURRENCY = YES;
				SWIFT_DEFAULT_ACTOR_ISOLATION = MainActor;
				SWIFT_EMIT_LOC_STRINGS = YES;
				SWIFT_UPCOMING_FEATURE_MEMBER_IMPORT_VISIBILITY = YES;
				SWIFT_VERSION = 5.0;
				TARGETED_DEVICE_FAMILY = "1,2";
			};
			name = Release;
		};
		2AC03BFB2EE74F0A00D9CEAD /* Debug */ = {
			isa = XCBuildConfiguration;
			buildSettings = {
				ALWAYS_SEARCH_USER_PATHS = NO;
				ASSETCATALOG_COMPILER_GENERATE_SWIFT_ASSET_SYMBOL_EXTENSIONS = YES;
				CLANG_ANALYZER_NONNULL = YES;
				CLANG_ANALYZER_NUMBER_OBJECT_CONVERSION = YES_AGGRESSIVE;
				CLANG_CXX_LANGUAGE_STANDARD = "gnu++20";
				CLANG_ENABLE_MODULES = YES;
				CLANG_ENABLE_OBJC_ARC = YES;
				CLANG_ENABLE_OBJC_WEAK = YES;
				CLANG_WARN_BLOCK_CAPTURE_AUTORELEASING = YES;
				CLANG_WARN_BOOL_CONVERSION = YES;
				CLANG_WARN_COMMA = YES;
				CLANG_WARN_CONSTANT_CONVERSION = YES;
				CLANG_WARN_DEPRECATED_OBJC_IMPLEMENTATIONS = YES;
				CLANG_WARN_DIRECT_OBJC_ISA_USAGE = YES_ERROR;
				CLANG_WARN_DOCUMENTATION_COMMENTS = YES;
				CLANG_WARN_EMPTY_BODY = YES;
				CLANG_WARN_ENUM_CONVERSION = YES;
				CLANG_WARN_INFINITE_RECURSION = YES;
				CLANG_WARN_INT_CONVERSION = YES;
				CLANG_WARN_NON_LITERAL_NULL_CONVERSION = YES;
				CLANG_WARN_OBJC_IMPLICIT_RETAIN_SELF = YES;
				CLANG_WARN_OBJC_LITERAL_CONVERSION = YES;
				CLANG_WARN_OBJC_ROOT_CLASS = YES_ERROR;
				CLANG_WARN_QUOTED_INCLUDE_IN_FRAMEWORK_HEADER = YES;
				CLANG_WARN_RANGE_LOOP_ANALYSIS = YES;
				CLANG_WARN_STRICT_PROTOTYPES = YES;
				CLANG_WARN_SUSPICIOUS_MOVE = YES;
				CLANG_WARN_UNGUARDED_AVAILABILITY = YES_AGGRESSIVE;
				CLANG_WARN_UNREACHABLE_CODE = YES;
				CLANG_WARN__DUPLICATE_METHOD_MATCH = YES;
				COPY_PHASE_STRIP = NO;
				DEBUG_INFORMATION_FORMAT = dwarf;
				DEVELOPMENT_TEAM = 8CGNLEGE5T;
				ENABLE_STRICT_OBJC_MSGSEND = YES;
				ENABLE_TESTABILITY = YES;
				ENABLE_USER_SCRIPT_SANDBOXING = YES;
				GCC_C_LANGUAGE_STANDARD = gnu17;
				GCC_DYNAMIC_NO_PIC = NO;
				GCC_NO_COMMON_BLOCKS = YES;
				GCC_OPTIMIZATION_LEVEL = 0;
				GCC_PREPROCESSOR_DEFINITIONS = (
					"DEBUG=1",
					"$(inherited)",
				);
				GCC_WARN_64_TO_32_BIT_CONVERSION = YES;
				GCC_WARN_ABOUT_RETURN_TYPE = YES_ERROR;
				GCC_WARN_UNDECLARED_SELECTOR = YES;
				GCC_WARN_UNINITIALIZED_AUTOS = YES_AGGRESSIVE;
				GCC_WARN_UNUSED_FUNCTION = YES;
				GCC_WARN_UNUSED_VARIABLE = YES;
				IPHONEOS_DEPLOYMENT_TARGET = 26.1;
				LOCALIZATION_PREFERS_STRING_CATALOGS = YES;
				MTL_ENABLE_DEBUG_INFO = INCLUDE_SOURCE;
				MTL_FAST_MATH = YES;
				ONLY_ACTIVE_ARCH = YES;
				SDKROOT = iphoneos;
				STRING_CATALOG_GENERATE_SYMBOLS = YES;
				SWIFT_ACTIVE_COMPILATION_CONDITIONS = "DEBUG $(inherited)";
				SWIFT_OPTIMIZATION_LEVEL = "-Onone";
			};
			name = Debug;
		};
		2AC03BFC2EE74F0A00D9CEAD /* Release */ = {
			isa = XCBuildConfiguration;
			buildSettings = {
				ALWAYS_SEARCH_USER_PATHS = NO;
				ASSETCATALOG_COMPILER_GENERATE_SWIFT_ASSET_SYMBOL_EXTENSIONS = YES;
				CLANG_ANALYZER_NONNULL = YES;
				CLANG_ANALYZER_NUMBER_OBJECT_CONVERSION = YES_AGGRESSIVE;
				CLANG_CXX_LANGUAGE_STANDARD = "gnu++20";
				CLANG_ENABLE_MODULES = YES;
				CLANG_ENABLE_OBJC_ARC = YES;
				CLANG_ENABLE_OBJC_WEAK = YES;
				CLANG_WARN_BLOCK_CAPTURE_AUTORELEASING = YES;
				CLANG_WARN_BOOL_CONVERSION = YES;
				CLANG_WARN_COMMA = YES;
				CLANG_WARN_CONSTANT_CONVERSION = YES;
				CLANG_WARN_DEPRECATED_OBJC_IMPLEMENTATIONS = YES;
				CLANG_WARN_DIRECT_OBJC_ISA_USAGE = YES_ERROR;
				CLANG_WARN_DOCUMENTATION_COMMENTS = YES;
				CLANG_WARN_EMPTY_BODY = YES;
				CLANG_WARN_ENUM_CONVERSION = YES;
				CLANG_WARN_INFINITE_RECURSION = YES;
				CLANG_WARN_INT_CONVERSION = YES;
				CLANG_WARN_NON_LITERAL_NULL_CONVERSION = YES;
				CLANG_WARN_OBJC_IMPLICIT_RETAIN_SELF = YES;
				CLANG_WARN_OBJC_LITERAL_CONVERSION = YES;
				CLANG_WARN_OBJC_ROOT_CLASS = YES_ERROR;
				CLANG_WARN_QUOTED_INCLUDE_IN_FRAMEWORK_HEADER = YES;
				CLANG_WARN_RANGE_LOOP_ANALYSIS = YES;
				CLANG_WARN_STRICT_PROTOTYPES = YES;
				CLANG_WARN_SUSPICIOUS_MOVE = YES;
				CLANG_WARN_UNGUARDED_AVAILABILITY = YES_AGGRESSIVE;
				CLANG_WARN_UNREACHABLE_CODE = YES;
				CLANG_WARN__DUPLICATE_METHOD_MATCH = YES;
				COPY_PHASE_STRIP = NO;
				DEBUG_INFORMATION_FORMAT = "dwarf-with-dsym";
				DEVELOPMENT_TEAM = 8CGNLEGE5T;
				ENABLE_NS_ASSERTIONS = NO;
				ENABLE_STRICT_OBJC_MSGSEND = YES;
				ENABLE_USER_SCRIPT_SANDBOXING = YES;
				GCC_C_LANGUAGE_STANDARD = gnu17;
				GCC_NO_COMMON_BLOCKS = YES;
				GCC_WARN_64_TO_32_BIT_CONVERSION = YES;
				GCC_WARN_ABOUT_RETURN_TYPE = YES_ERROR;
				GCC_WARN_UNDECLARED_SELECTOR = YES;
				GCC_WARN_UNINITIALIZED_AUTOS = YES_AGGRESSIVE;
				GCC_WARN_UNUSED_FUNCTION = YES;
				GCC_WARN_UNUSED_VARIABLE = YES;
				IPHONEOS_DEPLOYMENT_TARGET = 26.1;
				LOCALIZATION_PREFERS_STRING_CATALOGS = YES;
				MTL_ENABLE_DEBUG_INFO = NO;
				MTL_FAST_MATH = YES;
				SDKROOT = iphoneos;
				STRING_CATALOG_GENERATE_SYMBOLS = YES;
				SWIFT_COMPILATION_MODE = wholemodule;
				VALIDATE_PRODUCT = YES;
			};
			name = Release;
		};
		2ADF84682F0C10F000AE5037 /* Debug */ = {
			isa = XCBuildConfiguration;
			buildSettings = {
				CODE_SIGN_STYLE = Automatic;
				CURRENT_PROJECT_VERSION = 28;
				DEVELOPMENT_TEAM = UB3SB3746X;
				GENERATE_INFOPLIST_FILE = YES;
				INFOPLIST_FILE = smallerworldNotificationService/Info.plist;
				INFOPLIST_KEY_CFBundleDisplayName = "smallerworld notification service";
				INFOPLIST_KEY_NSHumanReadableCopyright = "";
				IPHONEOS_DEPLOYMENT_TARGET = 18.6;
				LD_RUNPATH_SEARCH_PATHS = (
					"$(inherited)",
					"@executable_path/Frameworks",
					"@executable_path/../../Frameworks",
				);
				MARKETING_VERSION = 0.6;
				PRODUCT_BUNDLE_IDENTIFIER = club.smallerworld.ios.notificationservice;
				PRODUCT_NAME = "$(TARGET_NAME)";
				SKIP_INSTALL = YES;
				STRING_CATALOG_GENERATE_SYMBOLS = YES;
				SUPPORTED_PLATFORMS = "iphoneos iphonesimulator";
				SUPPORTS_MACCATALYST = NO;
				SUPPORTS_XR_DESIGNED_FOR_IPHONE_IPAD = NO;
				SWIFT_APPROACHABLE_CONCURRENCY = YES;
				SWIFT_EMIT_LOC_STRINGS = YES;
				SWIFT_UPCOMING_FEATURE_MEMBER_IMPORT_VISIBILITY = YES;
				SWIFT_VERSION = 5.0;
				TARGETED_DEVICE_FAMILY = "1,2";
			};
			name = Debug;
		};
		2ADF84692F0C10F000AE5037 /* Release */ = {
			isa = XCBuildConfiguration;
			buildSettings = {
				CODE_SIGN_STYLE = Automatic;
				CURRENT_PROJECT_VERSION = 28;
				DEVELOPMENT_TEAM = UB3SB3746X;
				GENERATE_INFOPLIST_FILE = YES;
				INFOPLIST_FILE = smallerworldNotificationService/Info.plist;
				INFOPLIST_KEY_CFBundleDisplayName = "smallerworld notification service";
				INFOPLIST_KEY_NSHumanReadableCopyright = "";
				IPHONEOS_DEPLOYMENT_TARGET = 18.6;
				LD_RUNPATH_SEARCH_PATHS = (
					"$(inherited)",
					"@executable_path/Frameworks",
					"@executable_path/../../Frameworks",
				);
				MARKETING_VERSION = 0.6;
				PRODUCT_BUNDLE_IDENTIFIER = club.smallerworld.ios.notificationservice;
				PRODUCT_NAME = "$(TARGET_NAME)";
				SKIP_INSTALL = YES;
				STRING_CATALOG_GENERATE_SYMBOLS = YES;
				SUPPORTED_PLATFORMS = "iphoneos iphonesimulator";
				SUPPORTS_MACCATALYST = NO;
				SUPPORTS_XR_DESIGNED_FOR_IPHONE_IPAD = NO;
				SWIFT_APPROACHABLE_CONCURRENCY = YES;
				SWIFT_EMIT_LOC_STRINGS = YES;
				SWIFT_UPCOMING_FEATURE_MEMBER_IMPORT_VISIBILITY = YES;
				SWIFT_VERSION = 5.0;
				TARGETED_DEVICE_FAMILY = "1,2";
			};
			name = Release;
		};
/* End XCBuildConfiguration section */

/* Begin XCConfigurationList section */
		2A53204D2FCB622600EC8D5A /* Build configuration list for PBXNativeTarget "smallerworldTests" */ = {
			isa = XCConfigurationList;
			buildConfigurations = (
				2A53204E2FCB622600EC8D5A /* Debug */,
				2A53204F2FCB622600EC8D5A /* Release */,
			);
			defaultConfigurationIsVisible = 0;
			defaultConfigurationName = Release;
		};
		2AC03BE02EE74F0800D9CEAD /* Build configuration list for PBXProject "smallerworld" */ = {
			isa = XCConfigurationList;
			buildConfigurations = (
				2AC03BFB2EE74F0A00D9CEAD /* Debug */,
				2AC03BFC2EE74F0A00D9CEAD /* Release */,
			);
			defaultConfigurationIsVisible = 0;
			defaultConfigurationName = Release;
		};
		2AC03BF82EE74F0A00D9CEAD /* Build configuration list for PBXNativeTarget "smallerworld" */ = {
			isa = XCConfigurationList;
			buildConfigurations = (
				2AC03BF92EE74F0A00D9CEAD /* Debug */,
				2AC03BFA2EE74F0A00D9CEAD /* Release */,
			);
			defaultConfigurationIsVisible = 0;
			defaultConfigurationName = Release;
		};
		2ADF84672F0C10F000AE5037 /* Build configuration list for PBXNativeTarget "smallerworld notification service" */ = {
			isa = XCConfigurationList;
			buildConfigurations = (
				2ADF84682F0C10F000AE5037 /* Debug */,
				2ADF84692F0C10F000AE5037 /* Release */,
			);
			defaultConfigurationIsVisible = 0;
			defaultConfigurationName = Release;
		};
/* End XCConfigurationList section */

/* Begin XCRemoteSwiftPackageReference section */
		2A63D1D92EE8BD0C00ACCFD1 /* XCRemoteSwiftPackageReference "bridge-components" */ = {
			isa = XCRemoteSwiftPackageReference;
			repositoryURL = "https://github.com/joemasilotti/bridge-components";
			requirement = {
				kind = upToNextMajorVersion;
				minimumVersion = 0.3.1;
			};
		};
		2A99812D2FCF0E5500CD9594 /* XCRemoteSwiftPackageReference "hotwire-native-ios" */ = {
			isa = XCRemoteSwiftPackageReference;
			repositoryURL = "git@github.com:smaller-world/hotwire-native-ios.git";
			requirement = {
				kind = revision;
				revision = c84cedb8b705063185b818bed42b135f3441e8b2;
			};
		};
		2ABB78372F088EB000EC2451 /* XCRemoteSwiftPackageReference "keychain-swift" */ = {
			isa = XCRemoteSwiftPackageReference;
			repositoryURL = "https://github.com/evgenyneu/keychain-swift.git";
			requirement = {
				kind = upToNextMajorVersion;
				minimumVersion = 24.0.0;
			};
		};
		2ACF3E302F218B0600827B31 /* XCRemoteSwiftPackageReference "CodeScanner" */ = {
			isa = XCRemoteSwiftPackageReference;
			repositoryURL = "git@github.com:twostraws/CodeScanner.git";
			requirement = {
				kind = upToNextMajorVersion;
				minimumVersion = 2.5.2;
			};
		};
/* End XCRemoteSwiftPackageReference section */

/* Begin XCSwiftPackageProductDependency section */
		2A63D1DA2EE8BD0C00ACCFD1 /* BridgeComponents */ = {
			isa = XCSwiftPackageProductDependency;
			package = 2A63D1D92EE8BD0C00ACCFD1 /* XCRemoteSwiftPackageReference "bridge-components" */;
			productName = BridgeComponents;
		};
		2ABB78382F088EB000EC2451 /* KeychainSwift */ = {
			isa = XCSwiftPackageProductDependency;
			package = 2ABB78372F088EB000EC2451 /* XCRemoteSwiftPackageReference "keychain-swift" */;
			productName = KeychainSwift;
		};
		2ACF3E312F218B0600827B31 /* CodeScanner */ = {
			isa = XCSwiftPackageProductDependency;
			package = 2ACF3E302F218B0600827B31 /* XCRemoteSwiftPackageReference "CodeScanner" */;
			productName = CodeScanner;
		};
/* End XCSwiftPackageProductDependency section */
	};
	rootObject = 2AC03BDD2EE74F0800D9CEAD /* Project object */;
}
