{
  "originHash" : "fab38b7d46bd664225e5eada1645f1d2bbf50fcf15d97dabb526eec1648d9fde",
  "pins" : [
    {
      "identity" : "bridge-components",
      "kind" : "remoteSourceControl",
      "location" : "https://github.com/joemasilotti/bridge-components",
      "state" : {
        "revision" : "10f8d7224b36478d4ffcd4c4dc6da08f043eeb50",
        "version" : "0.12.1"
      }
    },
    {
      "identity" : "hotwire-native-ios",
      "kind" : "remoteSourceControl",
      "location" : "https://github.com/hotwired/hotwire-native-ios",
      "state" : {
        "revision" : "595dba37c4918afd0e2d470109bc0c356d6e9afe",
        "version" : "1.2.2"
      }
    }
  ],
  "version" : 3
}
