{
  "originHash" : "b62900ed58da7429408212c3a1867ee6ab25e670e092ae5430fad98e76ee48e4",
  "pins" : [
    {
      "identity" : "bridge-components",
      "kind" : "remoteSourceControl",
      "location" : "https://github.com/joemasilotti/bridge-components",
      "state" : {
        "revision" : "6899bfcde8003d1bed34ff83ee7a53e6394c17fb",
        "version" : "0.12.2"
      }
    },
    {
      "identity" : "codescanner",
      "kind" : "remoteSourceControl",
      "location" : "git@github.com:twostraws/CodeScanner.git",
      "state" : {
        "revision" : "5e886430238944c7200fc9e10dbf2d9550dba865",
        "version" : "2.5.2"
      }
    },
    {
      "identity" : "hotwire-native-ios",
      "kind" : "remoteSourceControl",
      "location" : "git@github.com:smaller-world/hotwire-native-ios.git",
      "state" : {
        "revision" : "8bc65fc7d2eb1c8c7532a5827d8754bb90d99f50"
      }
    },
    {
      "identity" : "keychain-swift",
      "kind" : "remoteSourceControl",
      "location" : "https://github.com/evgenyneu/keychain-swift.git",
      "state" : {
        "revision" : "5e1b02b6a9dac2a759a1d5dbc175c86bd192a608",
        "version" : "24.0.0"
      }
    }
  ],
  "version" : 3
}
