{
  "originHash" : "c62fd271c69110541818a9f9d774df8c53235c3757064e1eadf212ece96771a7",
  "pins" : [
    {
      "identity" : "bridge-components",
      "kind" : "remoteSourceControl",
      "location" : "https://github.com/joemasilotti/bridge-components",
      "state" : {
        "revision" : "6899bfcde8003d1bed34ff83ee7a53e6394c17fb",
        "version" : "0.12.2"
      }
    },
    {
      "identity" : "codescanner",
      "kind" : "remoteSourceControl",
      "location" : "git@github.com:twostraws/CodeScanner.git",
      "state" : {
        "revision" : "5e886430238944c7200fc9e10dbf2d9550dba865",
        "version" : "2.5.2"
      }
    },
    {
      "identity" : "hotwire-native-ios",
      "kind" : "remoteSourceControl",
      "location" : "https://github.com/hotwired/hotwire-native-ios",
      "state" : {
        "branch" : "1.3.0-beta",
        "revision" : "e1026cbef049bb3e1bd296e13dc5a965746c9e82"
      }
    },
    {
      "identity" : "keychain-swift",
      "kind" : "remoteSourceControl",
      "location" : "https://github.com/evgenyneu/keychain-swift.git",
      "state" : {
        "revision" : "5e1b02b6a9dac2a759a1d5dbc175c86bd192a608",
        "version" : "24.0.0"
      }
    }
  ],
  "version" : 3
}
